
Microsoft Visual Studio Solution File, Format Version 12.00
# Visual Studio Version 17
VisualStudioVersion = 17.1.32407.343
MinimumVisualStudioVersion = 10.0.40219.1
Project("{54435603-DBB4-11D2-8724-00A0C9A8B90C}") = "BrickMediaPlayer", "BrickMediaPlayer.vdproj", "{C4D63C4C-DFF3-49D0-9A9B-91D8A127C413}"
EndProject
Global
	GlobalSection(SolutionConfigurationPlatforms) = preSolution
		Debug|Default = Debug|Default
		Release|Default = Release|Default
	EndGlobalSection
	GlobalSection(ProjectConfigurationPlatforms) = postSolution
		{C4D63C4C-DFF3-49D0-9A9B-91D8A127C413}.Debug|Default.ActiveCfg = Debug
		{C4D63C4C-DFF3-49D0-9A9B-91D8A127C413}.Debug|Default.Build.0 = Debug
		{C4D63C4C-DFF3-49D0-9A9B-91D8A127C413}.Release|Default.ActiveCfg = Release
		{C4D63C4C-DFF3-49D0-9A9B-91D8A127C413}.Release|Default.Build.0 = Release
	EndGlobalSection
	GlobalSection(SolutionProperties) = preSolution
		HideSolutionNode = FALSE
	EndGlobalSection
	GlobalSection(ExtensibilityGlobals) = postSolution
		SolutionGuid = {92495F96-53AD-443E-8612-622CFFB40750}
	EndGlobalSection
EndGlobal
