
Microsoft Visual Studio Solution File, Format Version 12.00
# Visual Studio Version 17
VisualStudioVersion = 17.1.32407.343
MinimumVisualStudioVersion = 10.0.40219.1
Project("{54435603-DBB4-11D2-8724-00A0C9A8B90C}") = "Brick Media Player", "Brick Media Player.vdproj", "{415545AD-17CE-4972-8266-3B79429B1C4F}"
EndProject
Global
	GlobalSection(SolutionConfigurationPlatforms) = preSolution
		Debug|Default = Debug|Default
		Release|Default = Release|Default
	EndGlobalSection
	GlobalSection(ProjectConfigurationPlatforms) = postSolution
		{415545AD-17CE-4972-8266-3B79429B1C4F}.Debug|Default.ActiveCfg = Debug
		{415545AD-17CE-4972-8266-3B79429B1C4F}.Debug|Default.Build.0 = Debug
		{415545AD-17CE-4972-8266-3B79429B1C4F}.Release|Default.ActiveCfg = Release
		{415545AD-17CE-4972-8266-3B79429B1C4F}.Release|Default.Build.0 = Release
	EndGlobalSection
	GlobalSection(SolutionProperties) = preSolution
		HideSolutionNode = FALSE
	EndGlobalSection
	GlobalSection(ExtensibilityGlobals) = postSolution
		SolutionGuid = {AC656EB0-8669-4DA9-8957-354035AD9692}
	EndGlobalSection
EndGlobal
